
Microsoft Visual Studio Solution File, Format Version 12.00
# Visual Studio Version 16
VisualStudioVersion = 16.0.28621.142
MinimumVisualStudioVersion = 10.0.40219.1
Project("{FAE04EC0-301F-11D3-BF4B-00C04F79EFBC}") = "yecai", "yecai.csproj", "{29A9F9C9-91E7-48A2-A4C5-94B548B0A190}"
EndProject
Global
	GlobalSection(SolutionConfigurationPlatforms) = preSolution
		Debug|Any CPU = Debug|Any CPU
		Release|Any CPU = Release|Any CPU
	EndGlobalSection
	GlobalSection(ProjectConfigurationPlatforms) = postSolution
		{29A9F9C9-91E7-48A2-A4C5-94B548B0A190}.Debug|Any CPU.ActiveCfg = Debug|Any CPU
		{29A9F9C9-91E7-48A2-A4C5-94B548B0A190}.Debug|Any CPU.Build.0 = Debug|Any CPU
		{29A9F9C9-91E7-48A2-A4C5-94B548B0A190}.Release|Any CPU.ActiveCfg = Release|Any CPU
		{29A9F9C9-91E7-48A2-A4C5-94B548B0A190}.Release|Any CPU.Build.0 = Release|Any CPU
	EndGlobalSection
	GlobalSection(SolutionProperties) = preSolution
		HideSolutionNode = FALSE
	EndGlobalSection
	GlobalSection(ExtensibilityGlobals) = postSolution
		SolutionGuid = {53512239-9814-426B-9460-E32BA8B789F0}
	EndGlobalSection
EndGlobal
